// !$*UTF8*$!
{
	archiveVersion = 1;
	classes = {
	};
	objectVersion = 46;
	objects = {

/* Begin PBXBuildFile section */
		5A8C0D601F95E70D001B399B /* main.m in Sources */ = {isa = PBXBuildFile; fileRef = 5A8C0D5F1F95E70D001B399B /* main.m */; };
		5A8C0D631F95E70D001B399B /* AppDelegate.m in Sources */ = {isa = PBXBuildFile; fileRef = 5A8C0D621F95E70D001B399B /* AppDelegate.m */; };
		5A8C0D661F95E70D001B399B /* ViewController.m in Sources */ = {isa = PBXBuildFile; fileRef = 5A8C0D651F95E70D001B399B /* ViewController.m */; };
		5A8C0D691F95E70D001B399B /* Main.storyboard in Resources */ = {isa = PBXBuildFile; fileRef = 5A8C0D671F95E70D001B399B /* Main.storyboard */; };
		5A8C0D6B1F95E70D001B399B /* Assets.xcassets in Resources */ = {isa = PBXBuildFile; fileRef = 5A8C0D6A1F95E70D001B399B /* Assets.xcassets */; };
		5A8C0D6E1F95E70D001B399B /* LaunchScreen.storyboard in Resources */ = {isa = PBXBuildFile; fileRef = 5A8C0D6C1F95E70D001B399B /* LaunchScreen.storyboard */; };
		5A8C0D791F95E70D001B399B /* RFSimplePDFReaderTests.m in Sources */ = {isa = PBXBuildFile; fileRef = 5A8C0D781F95E70D001B399B /* RFSimplePDFReaderTests.m */; };
		5A8C0D841F95E70D001B399B /* RFSimplePDFReaderUITests.m in Sources */ = {isa = PBXBuildFile; fileRef = 5A8C0D831F95E70D001B399B /* RFSimplePDFReaderUITests.m */; };
		5A8C0D961F95E744001B399B /* PDFScrollView.m in Sources */ = {isa = PBXBuildFile; fileRef = 5A8C0D931F95E744001B399B /* PDFScrollView.m */; };
		5A8C0D971F95E744001B399B /* TiledPDFView.m in Sources */ = {isa = PBXBuildFile; fileRef = 5A8C0D951F95E744001B399B /* TiledPDFView.m */; };
		5A8C0D991F95E752001B399B /* TestPage.pdf in Resources */ = {isa = PBXBuildFile; fileRef = 5A8C0D981F95E752001B399B /* TestPage.pdf */; };
/* End PBXBuildFile section */

/* Begin PBXContainerItemProxy section */
		5A8C0D751F95E70D001B399B /* PBXContainerItemProxy */ = {
			isa = PBXContainerItemProxy;
			containerPortal = 5A8C0D531F95E70D001B399B /* Project object */;
			proxyType = 1;
			remoteGlobalIDString = 5A8C0D5A1F95E70D001B399B;
			remoteInfo = RFSimplePDFReader;
		};
		5A8C0D801F95E70D001B399B /* PBXContainerItemProxy */ = {
			isa = PBXContainerItemProxy;
			containerPortal = 5A8C0D531F95E70D001B399B /* Project object */;
			proxyType = 1;
			remoteGlobalIDString = 5A8C0D5A1F95E70D001B399B;
			remoteInfo = RFSimplePDFReader;
		};
/* End PBXContainerItemProxy section */

/* Begin PBXFileReference section */
		5A8C0D5B1F95E70D001B399B /* RFSimplePDFReader.app */ = {isa = PBXFileReference; explicitFileType = wrapper.application; includeInIndex = 0; path = RFSimplePDFReader.app; sourceTree = BUILT_PRODUCTS_DIR; };
		5A8C0D5F1F95E70D001B399B /* main.m */ = {isa = PBXFileReference; lastKnownFileType = sourcecode.c.objc; path = main.m; sourceTree = "<group>"; };
		5A8C0D611F95E70D001B399B /* AppDelegate.h */ = {isa = PBXFileReference; lastKnownFileType = sourcecode.c.h; path = AppDelegate.h; sourceTree = "<group>"; };
		5A8C0D621F95E70D001B399B /* AppDelegate.m */ = {isa = PBXFileReference; lastKnownFileType = sourcecode.c.objc; path = AppDelegate.m; sourceTree = "<group>"; };
		5A8C0D641F95E70D001B399B /* ViewController.h */ = {isa = PBXFileReference; lastKnownFileType = sourcecode.c.h; path = ViewController.h; sourceTree = "<group>"; };
		5A8C0D651F95E70D001B399B /* ViewController.m */ = {isa = PBXFileReference; lastKnownFileType = sourcecode.c.objc; path = ViewController.m; sourceTree = "<group>"; };
		5A8C0D681F95E70D001B399B /* Base */ = {isa = PBXFileReference; lastKnownFileType = file.storyboard; name = Base; path = Base.lproj/Main.storyboard; sourceTree = "<group>"; };
		5A8C0D6A1F95E70D001B399B /* Assets.xcassets */ = {isa = PBXFileReference; lastKnownFileType = folder.assetcatalog; path = Assets.xcassets; sourceTree = "<group>"; };
		5A8C0D6D1F95E70D001B399B /* Base */ = {isa = PBXFileReference; lastKnownFileType = file.storyboard; name = Base; path = Base.lproj/LaunchScreen.storyboard; sourceTree = "<group>"; };
		5A8C0D6F1F95E70D001B399B /* Info.plist */ = {isa = PBXFileReference; lastKnownFileType = text.plist.xml; path = Info.plist; sourceTree = "<group>"; };
		5A8C0D741F95E70D001B399B /* RFSimplePDFReaderTests.xctest */ = {isa = PBXFileReference; explicitFileType = wrapper.cfbundle; includeInIndex = 0; path = RFSimplePDFReaderTests.xctest; sourceTree = BUILT_PRODUCTS_DIR; };
		5A8C0D781F95E70D001B399B /* RFSimplePDFReaderTests.m */ = {isa = PBXFileReference; lastKnownFileType = sourcecode.c.objc; path = RFSimplePDFReaderTests.m; sourceTree = "<group>"; };
		5A8C0D7A1F95E70D001B399B /* Info.plist */ = {isa = PBXFileReference; lastKnownFileType = text.plist.xml; path = Info.plist; sourceTree = "<group>"; };
		5A8C0D7F1F95E70D001B399B /* RFSimplePDFReaderUITests.xctest */ = {isa = PBXFileReference; explicitFileType = wrapper.cfbundle; includeInIndex = 0; path = RFSimplePDFReaderUITests.xctest; sourceTree = BUILT_PRODUCTS_DIR; };
		5A8C0D831F95E70D001B399B /* RFSimplePDFReaderUITests.m */ = {isa = PBXFileReference; lastKnownFileType = sourcecode.c.objc; path = RFSimplePDFReaderUITests.m; sourceTree = "<group>"; };
		5A8C0D851F95E70D001B399B /* Info.plist */ = {isa = PBXFileReference; lastKnownFileType = text.plist.xml; path = Info.plist; sourceTree = "<group>"; };
		5A8C0D921F95E744001B399B /* PDFScrollView.h */ = {isa = PBXFileReference; fileEncoding = 4; lastKnownFileType = sourcecode.c.h; path = PDFScrollView.h; sourceTree = "<group>"; };
		5A8C0D931F95E744001B399B /* PDFScrollView.m */ = {isa = PBXFileReference; fileEncoding = 4; lastKnownFileType = sourcecode.c.objc; path = PDFScrollView.m; sourceTree = "<group>"; };
		5A8C0D941F95E744001B399B /* TiledPDFView.h */ = {isa = PBXFileReference; fileEncoding = 4; lastKnownFileType = sourcecode.c.h; path = TiledPDFView.h; sourceTree = "<group>"; };
		5A8C0D951F95E744001B399B /* TiledPDFView.m */ = {isa = PBXFileReference; fileEncoding = 4; lastKnownFileType = sourcecode.c.objc; path = TiledPDFView.m; sourceTree = "<group>"; };
		5A8C0D981F95E752001B399B /* TestPage.pdf */ = {isa = PBXFileReference; lastKnownFileType = image.pdf; path = TestPage.pdf; sourceTree = "<group>"; };
/* End PBXFileReference section */

/* Begin PBXFrameworksBuildPhase section */
		5A8C0D581F95E70D001B399B /* Frameworks */ = {
			isa = PBXFrameworksBuildPhase;
			buildActionMask = 2147483647;
			files = (
			);
			runOnlyForDeploymentPostprocessing = 0;
		};
		5A8C0D711F95E70D001B399B /* Frameworks */ = {
			isa = PBXFrameworksBuildPhase;
			buildActionMask = 2147483647;
			files = (
			);
			runOnlyForDeploymentPostprocessing = 0;
		};
		5A8C0D7C1F95E70D001B399B /* Frameworks */ = {
			isa = PBXFrameworksBuildPhase;
			buildActionMask = 2147483647;
			files = (
			);
			runOnlyForDeploymentPostprocessing = 0;
		};
/* End PBXFrameworksBuildPhase section */

/* Begin PBXGroup section */
		5A8C0D521F95E70D001B399B = {
			isa = PBXGroup;
			children = (
				5A8C0D5D1F95E70D001B399B /* RFSimplePDFReader */,
				5A8C0D771F95E70D001B399B /* RFSimplePDFReaderTests */,
				5A8C0D821F95E70D001B399B /* RFSimplePDFReaderUITests */,
				5A8C0D5C1F95E70D001B399B /* Products */,
			);
			sourceTree = "<group>";
		};
		5A8C0D5C1F95E70D001B399B /* Products */ = {
			isa = PBXGroup;
			children = (
				5A8C0D5B1F95E70D001B399B /* RFSimplePDFReader.app */,
				5A8C0D741F95E70D001B399B /* RFSimplePDFReaderTests.xctest */,
				5A8C0D7F1F95E70D001B399B /* RFSimplePDFReaderUITests.xctest */,
			);
			name = Products;
			sourceTree = "<group>";
		};
		5A8C0D5D1F95E70D001B399B /* RFSimplePDFReader */ = {
			isa = PBXGroup;
			children = (
				5A8C0D911F95E744001B399B /* RFSimplePDFReader */,
				5A8C0D611F95E70D001B399B /* AppDelegate.h */,
				5A8C0D621F95E70D001B399B /* AppDelegate.m */,
				5A8C0D641F95E70D001B399B /* ViewController.h */,
				5A8C0D651F95E70D001B399B /* ViewController.m */,
				5A8C0D671F95E70D001B399B /* Main.storyboard */,
				5A8C0D981F95E752001B399B /* TestPage.pdf */,
				5A8C0D6A1F95E70D001B399B /* Assets.xcassets */,
				5A8C0D6C1F95E70D001B399B /* LaunchScreen.storyboard */,
				5A8C0D6F1F95E70D001B399B /* Info.plist */,
				5A8C0D5E1F95E70D001B399B /* Supporting Files */,
			);
			path = RFSimplePDFReader;
			sourceTree = "<group>";
		};
		5A8C0D5E1F95E70D001B399B /* Supporting Files */ = {
			isa = PBXGroup;
			children = (
				5A8C0D5F1F95E70D001B399B /* main.m */,
			);
			name = "Supporting Files";
			sourceTree = "<group>";
		};
		5A8C0D771F95E70D001B399B /* RFSimplePDFReaderTests */ = {
			isa = PBXGroup;
			children = (
				5A8C0D781F95E70D001B399B /* RFSimplePDFReaderTests.m */,
				5A8C0D7A1F95E70D001B399B /* Info.plist */,
			);
			path = RFSimplePDFReaderTests;
			sourceTree = "<group>";
		};
		5A8C0D821F95E70D001B399B /* RFSimplePDFReaderUITests */ = {
			isa = PBXGroup;
			children = (
				5A8C0D831F95E70D001B399B /* RFSimplePDFReaderUITests.m */,
				5A8C0D851F95E70D001B399B /* Info.plist */,
			);
			path = RFSimplePDFReaderUITests;
			sourceTree = "<group>";
		};
		5A8C0D911F95E744001B399B /* RFSimplePDFReader */ = {
			isa = PBXGroup;
			children = (
				5A8C0D921F95E744001B399B /* PDFScrollView.h */,
				5A8C0D931F95E744001B399B /* PDFScrollView.m */,
				5A8C0D941F95E744001B399B /* TiledPDFView.h */,
				5A8C0D951F95E744001B399B /* TiledPDFView.m */,
			);
			path = RFSimplePDFReader;
			sourceTree = "<group>";
		};
/* End PBXGroup section */

/* Begin PBXNativeTarget section */
		5A8C0D5A1F95E70D001B399B /* RFSimplePDFReader */ = {
			isa = PBXNativeTarget;
			buildConfigurationList = 5A8C0D881F95E70D001B399B /* Build configuration list for PBXNativeTarget "RFSimplePDFReader" */;
			buildPhases = (
				5A8C0D571F95E70D001B399B /* Sources */,
				5A8C0D581F95E70D001B399B /* Frameworks */,
				5A8C0D591F95E70D001B399B /* Resources */,
			);
			buildRules = (
			);
			dependencies = (
			);
			name = RFSimplePDFReader;
			productName = RFSimplePDFReader;
			productReference = 5A8C0D5B1F95E70D001B399B /* RFSimplePDFReader.app */;
			productType = "com.apple.product-type.application";
		};
		5A8C0D731F95E70D001B399B /* RFSimplePDFReaderTests */ = {
			isa = PBXNativeTarget;
			buildConfigurationList = 5A8C0D8B1F95E70D001B399B /* Build configuration list for PBXNativeTarget "RFSimplePDFReaderTests" */;
			buildPhases = (
				5A8C0D701F95E70D001B399B /* Sources */,
				5A8C0D711F95E70D001B399B /* Frameworks */,
				5A8C0D721F95E70D001B399B /* Resources */,
			);
			buildRules = (
			);
			dependencies = (
				5A8C0D761F95E70D001B399B /* PBXTargetDependency */,
			);
			name = RFSimplePDFReaderTests;
			productName = RFSimplePDFReaderTests;
			productReference = 5A8C0D741F95E70D001B399B /* RFSimplePDFReaderTests.xctest */;
			productType = "com.apple.product-type.bundle.unit-test";
		};
		5A8C0D7E1F95E70D001B399B /* RFSimplePDFReaderUITests */ = {
			isa = PBXNativeTarget;
			buildConfigurationList = 5A8C0D8E1F95E70D001B399B /* Build configuration list for PBXNativeTarget "RFSimplePDFReaderUITests" */;
			buildPhases = (
				5A8C0D7B1F95E70D001B399B /* Sources */,
				5A8C0D7C1F95E70D001B399B /* Frameworks */,
				5A8C0D7D1F95E70D001B399B /* Resources */,
			);
			buildRules = (
			);
			dependencies = (
				5A8C0D811F95E70D001B399B /* PBXTargetDependency */,
			);
			name = RFSimplePDFReaderUITests;
			productName = RFSimplePDFReaderUITests;
			productReference = 5A8C0D7F1F95E70D001B399B /* RFSimplePDFReaderUITests.xctest */;
			productType = "com.apple.product-type.bundle.ui-testing";
		};
/* End PBXNativeTarget section */

/* Begin PBXProject section */
		5A8C0D531F95E70D001B399B /* Project object */ = {
			isa = PBXProject;
			attributes = {
				LastUpgradeCheck = 0830;
				ORGANIZATIONNAME = "冯剑";
				TargetAttributes = {
					5A8C0D5A1F95E70D001B399B = {
						CreatedOnToolsVersion = 8.3.3;
						ProvisioningStyle = Automatic;
					};
					5A8C0D731F95E70D001B399B = {
						CreatedOnToolsVersion = 8.3.3;
						ProvisioningStyle = Automatic;
						TestTargetID = 5A8C0D5A1F95E70D001B399B;
					};
					5A8C0D7E1F95E70D001B399B = {
						CreatedOnToolsVersion = 8.3.3;
						ProvisioningStyle = Automatic;
						TestTargetID = 5A8C0D5A1F95E70D001B399B;
					};
				};
			};
			buildConfigurationList = 5A8C0D561F95E70D001B399B /* Build configuration list for PBXProject "RFSimplePDFReader" */;
			compatibilityVersion = "Xcode 3.2";
			developmentRegion = English;
			hasScannedForEncodings = 0;
			knownRegions = (
				en,
				Base,
			);
			mainGroup = 5A8C0D521F95E70D001B399B;
			productRefGroup = 5A8C0D5C1F95E70D001B399B /* Products */;
			projectDirPath = "";
			projectRoot = "";
			targets = (
				5A8C0D5A1F95E70D001B399B /* RFSimplePDFReader */,
				5A8C0D731F95E70D001B399B /* RFSimplePDFReaderTests */,
				5A8C0D7E1F95E70D001B399B /* RFSimplePDFReaderUITests */,
			);
		};
/* End PBXProject section */

/* Begin PBXResourcesBuildPhase section */
		5A8C0D591F95E70D001B399B /* Resources */ = {
			isa = PBXResourcesBuildPhase;
			buildActionMask = 2147483647;
			files = (
				5A8C0D6E1F95E70D001B399B /* LaunchScreen.storyboard in Resources */,
				5A8C0D991F95E752001B399B /* TestPage.pdf in Resources */,
				5A8C0D6B1F95E70D001B399B /* Assets.xcassets in Resources */,
				5A8C0D691F95E70D001B399B /* Main.storyboard in Resources */,
			);
			runOnlyForDeploymentPostprocessing = 0;
		};
		5A8C0D721F95E70D001B399B /* Resources */ = {
			isa = PBXResourcesBuildPhase;
			buildActionMask = 2147483647;
			files = (
			);
			runOnlyForDeploymentPostprocessing = 0;
		};
		5A8C0D7D1F95E70D001B399B /* Resources */ = {
			isa = PBXResourcesBuildPhase;
			buildActionMask = 2147483647;
			files = (
			);
			runOnlyForDeploymentPostprocessing = 0;
		};
/* End PBXResourcesBuildPhase section */

/* Begin PBXSourcesBuildPhase section */
		5A8C0D571F95E70D001B399B /* Sources */ = {
			isa = PBXSourcesBuildPhase;
			buildActionMask = 2147483647;
			files = (
				5A8C0D661F95E70D001B399B /* ViewController.m in Sources */,
				5A8C0D631F95E70D001B399B /* AppDelegate.m in Sources */,
				5A8C0D961F95E744001B399B /* PDFScrollView.m in Sources */,
				5A8C0D971F95E744001B399B /* TiledPDFView.m in Sources */,
				5A8C0D601F95E70D001B399B /* main.m in Sources */,
			);
			runOnlyForDeploymentPostprocessing = 0;
		};
		5A8C0D701F95E70D001B399B /* Sources */ = {
			isa = PBXSourcesBuildPhase;
			buildActionMask = 2147483647;
			files = (
				5A8C0D791F95E70D001B399B /* RFSimplePDFReaderTests.m in Sources */,
			);
			runOnlyForDeploymentPostprocessing = 0;
		};
		5A8C0D7B1F95E70D001B399B /* Sources */ = {
			isa = PBXSourcesBuildPhase;
			buildActionMask = 2147483647;
			files = (
				5A8C0D841F95E70D001B399B /* RFSimplePDFReaderUITests.m in Sources */,
			);
			runOnlyForDeploymentPostprocessing = 0;
		};
/* End PBXSourcesBuildPhase section */

/* Begin PBXTargetDependency section */
		5A8C0D761F95E70D001B399B /* PBXTargetDependency */ = {
			isa = PBXTargetDependency;
			target = 5A8C0D5A1F95E70D001B399B /* RFSimplePDFReader */;
			targetProxy = 5A8C0D751F95E70D001B399B /* PBXContainerItemProxy */;
		};
		5A8C0D811F95E70D001B399B /* PBXTargetDependency */ = {
			isa = PBXTargetDependency;
			target = 5A8C0D5A1F95E70D001B399B /* RFSimplePDFReader */;
			targetProxy = 5A8C0D801F95E70D001B399B /* PBXContainerItemProxy */;
		};
/* End PBXTargetDependency section */

/* Begin PBXVariantGroup section */
		5A8C0D671F95E70D001B399B /* Main.storyboard */ = {
			isa = PBXVariantGroup;
			children = (
				5A8C0D681F95E70D001B399B /* Base */,
			);
			name = Main.storyboard;
			sourceTree = "<group>";
		};
		5A8C0D6C1F95E70D001B399B /* LaunchScreen.storyboard */ = {
			isa = PBXVariantGroup;
			children = (
				5A8C0D6D1F95E70D001B399B /* Base */,
			);
			name = LaunchScreen.storyboard;
			sourceTree = "<group>";
		};
/* End PBXVariantGroup section */

/* Begin XCBuildConfiguration section */
		5A8C0D861F95E70D001B399B /* Debug */ = {
			isa = XCBuildConfiguration;
			buildSettings = {
				ALWAYS_SEARCH_USER_PATHS = NO;
				CLANG_ANALYZER_NONNULL = YES;
				CLANG_ANALYZER_NUMBER_OBJECT_CONVERSION = YES_AGGRESSIVE;
				CLANG_CXX_LANGUAGE_STANDARD = "gnu++0x";
				CLANG_CXX_LIBRARY = "libc++";
				CLANG_ENABLE_MODULES = YES;
				CLANG_ENABLE_OBJC_ARC = YES;
				CLANG_WARN_BOOL_CONVERSION = YES;
				CLANG_WARN_CONSTANT_CONVERSION = YES;
				CLANG_WARN_DIRECT_OBJC_ISA_USAGE = YES_ERROR;
				CLANG_WARN_DOCUMENTATION_COMMENTS = YES;
				CLANG_WARN_EMPTY_BODY = YES;
				CLANG_WARN_ENUM_CONVERSION = YES;
				CLANG_WARN_INFINITE_RECURSION = YES;
				CLANG_WARN_INT_CONVERSION = YES;
				CLANG_WARN_OBJC_ROOT_CLASS = YES_ERROR;
				CLANG_WARN_SUSPICIOUS_MOVE = YES;
				CLANG_WARN_UNREACHABLE_CODE = YES;
				CLANG_WARN__DUPLICATE_METHOD_MATCH = YES;
				"CODE_SIGN_IDENTITY[sdk=iphoneos*]" = "iPhone Developer";
				COPY_PHASE_STRIP = NO;
				DEBUG_INFORMATION_FORMAT = dwarf;
				ENABLE_STRICT_OBJC_MSGSEND = YES;
				ENABLE_TESTABILITY = YES;
				GCC_C_LANGUAGE_STANDARD = gnu99;
				GCC_DYNAMIC_NO_PIC = NO;
				GCC_NO_COMMON_BLOCKS = YES;
				GCC_OPTIMIZATION_LEVEL = 0;
				GCC_PREPROCESSOR_DEFINITIONS = (
					"DEBUG=1",
					"$(inherited)",
				);
				GCC_WARN_64_TO_32_BIT_CONVERSION = YES;
				GCC_WARN_ABOUT_RETURN_TYPE = YES_ERROR;
				GCC_WARN_UNDECLARED_SELECTOR = YES;
				GCC_WARN_UNINITIALIZED_AUTOS = YES_AGGRESSIVE;
				GCC_WARN_UNUSED_FUNCTION = YES;
				GCC_WARN_UNUSED_VARIABLE = YES;
				IPHONEOS_DEPLOYMENT_TARGET = 10.3;
				MTL_ENABLE_DEBUG_INFO = YES;
				ONLY_ACTIVE_ARCH = YES;
				SDKROOT = iphoneos;
				TARGETED_DEVICE_FAMILY = "1,2";
			};
			name = Debug;
		};
		5A8C0D871F95E70D001B399B /* Release */ = {
			isa = XCBuildConfiguration;
			buildSettings = {
				ALWAYS_SEARCH_USER_PATHS = NO;
				CLANG_ANALYZER_NONNULL = YES;
				CLANG_ANALYZER_NUMBER_OBJECT_CONVERSION = YES_AGGRESSIVE;
				CLANG_CXX_LANGUAGE_STANDARD = "gnu++0x";
				CLANG_CXX_LIBRARY = "libc++";
				CLANG_ENABLE_MODULES = YES;
				CLANG_ENABLE_OBJC_ARC = YES;
				CLANG_WARN_BOOL_CONVERSION = YES;
				CLANG_WARN_CONSTANT_CONVERSION = YES;
				CLANG_WARN_DIRECT_OBJC_ISA_USAGE = YES_ERROR;
				CLANG_WARN_DOCUMENTATION_COMMENTS = YES;
				CLANG_WARN_EMPTY_BODY = YES;
				CLANG_WARN_ENUM_CONVERSION = YES;
				CLANG_WARN_INFINITE_RECURSION = YES;
				CLANG_WARN_INT_CONVERSION = YES;
				CLANG_WARN_OBJC_ROOT_CLASS = YES_ERROR;
				CLANG_WARN_SUSPICIOUS_MOVE = YES;
				CLANG_WARN_UNREACHABLE_CODE = YES;
				CLANG_WARN__DUPLICATE_METHOD_MATCH = YES;
				"CODE_SIGN_IDENTITY[sdk=iphoneos*]" = "iPhone Developer";
				COPY_PHASE_STRIP = NO;
				DEBUG_INFORMATION_FORMAT = "dwarf-with-dsym";
				ENABLE_NS_ASSERTIONS = NO;
				ENABLE_STRICT_OBJC_MSGSEND = YES;
				GCC_C_LANGUAGE_STANDARD = gnu99;
				GCC_NO_COMMON_BLOCKS = YES;
				GCC_WARN_64_TO_32_BIT_CONVERSION = YES;
				GCC_WARN_ABOUT_RETURN_TYPE = YES_ERROR;
				GCC_WARN_UNDECLARED_SELECTOR = YES;
				GCC_WARN_UNINITIALIZED_AUTOS = YES_AGGRESSIVE;
				GCC_WARN_UNUSED_FUNCTION = YES;
				GCC_WARN_UNUSED_VARIABLE = YES;
				IPHONEOS_DEPLOYMENT_TARGET = 10.3;
				MTL_ENABLE_DEBUG_INFO = NO;
				SDKROOT = iphoneos;
				TARGETED_DEVICE_FAMILY = "1,2";
				VALIDATE_PRODUCT = YES;
			};
			name = Release;
		};
		5A8C0D891F95E70D001B399B /* Debug */ = {
			isa = XCBuildConfiguration;
			buildSettings = {
				ASSETCATALOG_COMPILER_APPICON_NAME = AppIcon;
				INFOPLIST_FILE = RFSimplePDFReader/Info.plist;
				LD_RUNPATH_SEARCH_PATHS = "$(inherited) @executable_path/Frameworks";
				PRODUCT_BUNDLE_IDENTIFIER = rocky.RFSimplePDFReader;
				PRODUCT_NAME = "$(TARGET_NAME)";
			};
			name = Debug;
		};
		5A8C0D8A1F95E70D001B399B /* Release */ = {
			isa = XCBuildConfiguration;
			buildSettings = {
				ASSETCATALOG_COMPILER_APPICON_NAME = AppIcon;
				INFOPLIST_FILE = RFSimplePDFReader/Info.plist;
				LD_RUNPATH_SEARCH_PATHS = "$(inherited) @executable_path/Frameworks";
				PRODUCT_BUNDLE_IDENTIFIER = rocky.RFSimplePDFReader;
				PRODUCT_NAME = "$(TARGET_NAME)";
			};
			name = Release;
		};
		5A8C0D8C1F95E70D001B399B /* Debug */ = {
			isa = XCBuildConfiguration;
			buildSettings = {
				BUNDLE_LOADER = "$(TEST_HOST)";
				INFOPLIST_FILE = RFSimplePDFReaderTests/Info.plist;
				LD_RUNPATH_SEARCH_PATHS = "$(inherited) @executable_path/Frameworks @loader_path/Frameworks";
				PRODUCT_BUNDLE_IDENTIFIER = rocky.RFSimplePDFReaderTests;
				PRODUCT_NAME = "$(TARGET_NAME)";
				TEST_HOST = "$(BUILT_PRODUCTS_DIR)/RFSimplePDFReader.app/RFSimplePDFReader";
			};
			name = Debug;
		};
		5A8C0D8D1F95E70D001B399B /* Release */ = {
			isa = XCBuildConfiguration;
			buildSettings = {
				BUNDLE_LOADER = "$(TEST_HOST)";
				INFOPLIST_FILE = RFSimplePDFReaderTests/Info.plist;
				LD_RUNPATH_SEARCH_PATHS = "$(inherited) @executable_path/Frameworks @loader_path/Frameworks";
				PRODUCT_BUNDLE_IDENTIFIER = rocky.RFSimplePDFReaderTests;
				PRODUCT_NAME = "$(TARGET_NAME)";
				TEST_HOST = "$(BUILT_PRODUCTS_DIR)/RFSimplePDFReader.app/RFSimplePDFReader";
			};
			name = Release;
		};
		5A8C0D8F1F95E70D001B399B /* Debug */ = {
			isa = XCBuildConfiguration;
			buildSettings = {
				INFOPLIST_FILE = RFSimplePDFReaderUITests/Info.plist;
				LD_RUNPATH_SEARCH_PATHS = "$(inherited) @executable_path/Frameworks @loader_path/Frameworks";
				PRODUCT_BUNDLE_IDENTIFIER = rocky.RFSimplePDFReaderUITests;
				PRODUCT_NAME = "$(TARGET_NAME)";
				TEST_TARGET_NAME = RFSimplePDFReader;
			};
			name = Debug;
		};
		5A8C0D901F95E70D001B399B /* Release */ = {
			isa = XCBuildConfiguration;
			buildSettings = {
				INFOPLIST_FILE = RFSimplePDFReaderUITests/Info.plist;
				LD_RUNPATH_SEARCH_PATHS = "$(inherited) @executable_path/Frameworks @loader_path/Frameworks";
				PRODUCT_BUNDLE_IDENTIFIER = rocky.RFSimplePDFReaderUITests;
				PRODUCT_NAME = "$(TARGET_NAME)";
				TEST_TARGET_NAME = RFSimplePDFReader;
			};
			name = Release;
		};
/* End XCBuildConfiguration section */

/* Begin XCConfigurationList section */
		5A8C0D561F95E70D001B399B /* Build configuration list for PBXProject "RFSimplePDFReader" */ = {
			isa = XCConfigurationList;
			buildConfigurations = (
				5A8C0D861F95E70D001B399B /* Debug */,
				5A8C0D871F95E70D001B399B /* Release */,
			);
			defaultConfigurationIsVisible = 0;
			defaultConfigurationName = Release;
		};
		5A8C0D881F95E70D001B399B /* Build configuration list for PBXNativeTarget "RFSimplePDFReader" */ = {
			isa = XCConfigurationList;
			buildConfigurations = (
				5A8C0D891F95E70D001B399B /* Debug */,
				5A8C0D8A1F95E70D001B399B /* Release */,
			);
			defaultConfigurationIsVisible = 0;
		};
		5A8C0D8B1F95E70D001B399B /* Build configuration list for PBXNativeTarget "RFSimplePDFReaderTests" */ = {
			isa = XCConfigurationList;
			buildConfigurations = (
				5A8C0D8C1F95E70D001B399B /* Debug */,
				5A8C0D8D1F95E70D001B399B /* Release */,
			);
			defaultConfigurationIsVisible = 0;
		};
		5A8C0D8E1F95E70D001B399B /* Build configuration list for PBXNativeTarget "RFSimplePDFReaderUITests" */ = {
			isa = XCConfigurationList;
			buildConfigurations = (
				5A8C0D8F1F95E70D001B399B /* Debug */,
				5A8C0D901F95E70D001B399B /* Release */,
			);
			defaultConfigurationIsVisible = 0;
		};
/* End XCConfigurationList section */
	};
	rootObject = 5A8C0D531F95E70D001B399B /* Project object */;
}
